Microsoft Visual Studio Solution File, Format Version 12.00
# Visual Studio Version 17
VisualStudioVersion = 17.5.2.0
MinimumVisualStudioVersion = 10.0.40219.1
Project("{FAE04EC0-301F-11D3-BF4B-00C04F79EFBC}") = "ICGFilter", "ICGFilter.csproj", "{7B785CEE-003A-B736-D69C-A155909BE11E}"
EndProject
Global
	GlobalSection(SolutionConfigurationPlatforms) = preSolution
		Debug|Any CPU = Debug|Any CPU
		Release|Any CPU = Release|Any CPU
	EndGlobalSection
	GlobalSection(ProjectConfigurationPlatforms) = postSolution
		{7B785CEE-003A-B736-D69C-A155909BE11E}.Debug|Any CPU.ActiveCfg = Debug|Any CPU
		{7B785CEE-003A-B736-D69C-A155909BE11E}.Debug|Any CPU.Build.0 = Debug|Any CPU
		{7B785CEE-003A-B736-D69C-A155909BE11E}.Release|Any CPU.ActiveCfg = Release|Any CPU
		{7B785CEE-003A-B736-D69C-A155909BE11E}.Release|Any CPU.Build.0 = Release|Any CPU
	EndGlobalSection
	GlobalSection(SolutionProperties) = preSolution
		HideSolutionNode = FALSE
	EndGlobalSection
	GlobalSection(ExtensibilityGlobals) = postSolution
		SolutionGuid = {F1BA4741-D457-4A2E-9C5B-32A81FFADE9C}
	EndGlobalSection
EndGlobal
